
Microsoft Visual Studio Solution File, Format Version 12.00
# Visual Studio 15
VisualStudioVersion = 15.0.26430.16
MinimumVisualStudioVersion = 10.0.40219.1
Project("{2150E333-8FDC-42A3-9474-1A3956D46DE8}") = "test", "test", "{1634AB2F-8B8B-4C2E-9442-B8C7CB0DD687}"
EndProject
Project("{2150E333-8FDC-42A3-9474-1A3956D46DE8}") = "src", "src", "{C4674B0E-4862-424C-A0B5-67BB814EC3B6}"
EndProject
Project("{9A19103F-16F7-4668-BE54-9A1E7A4F7556}") = "WikiNetCore", "WikiNetCore\WikiNetCore.csproj", "{5F85E5AF-F42A-4994-9F83-BA4F2B154727}"
EndProject
Project("{9A19103F-16F7-4668-BE54-9A1E7A4F7556}") = "WikiNetCoreTests", "WikiNetCoreTests\WikiNetCoreTests.csproj", "{A386D5DB-59EB-4A32-877E-1E8EEEE85463}"
EndProject
Global
	GlobalSection(SolutionConfigurationPlatforms) = preSolution
		Debug|Any CPU = Debug|Any CPU
		Live|Any CPU = Live|Any CPU
		Release|Any CPU = Release|Any CPU
	EndGlobalSection
	GlobalSection(ProjectConfigurationPlatforms) = postSolution
		{5F85E5AF-F42A-4994-9F83-BA4F2B154727}.Debug|Any CPU.ActiveCfg = Debug|Any CPU
		{5F85E5AF-F42A-4994-9F83-BA4F2B154727}.Debug|Any CPU.Build.0 = Debug|Any CPU
		{5F85E5AF-F42A-4994-9F83-BA4F2B154727}.Live|Any CPU.ActiveCfg = Debug|Any CPU
		{5F85E5AF-F42A-4994-9F83-BA4F2B154727}.Live|Any CPU.Build.0 = Debug|Any CPU
		{5F85E5AF-F42A-4994-9F83-BA4F2B154727}.Release|Any CPU.ActiveCfg = Release|Any CPU
		{5F85E5AF-F42A-4994-9F83-BA4F2B154727}.Release|Any CPU.Build.0 = Release|Any CPU
		{A386D5DB-59EB-4A32-877E-1E8EEEE85463}.Debug|Any CPU.ActiveCfg = Debug|Any CPU
		{A386D5DB-59EB-4A32-877E-1E8EEEE85463}.Debug|Any CPU.Build.0 = Debug|Any CPU
		{A386D5DB-59EB-4A32-877E-1E8EEEE85463}.Live|Any CPU.ActiveCfg = Debug|Any CPU
		{A386D5DB-59EB-4A32-877E-1E8EEEE85463}.Live|Any CPU.Build.0 = Debug|Any CPU
		{A386D5DB-59EB-4A32-877E-1E8EEEE85463}.Release|Any CPU.ActiveCfg = Release|Any CPU
		{A386D5DB-59EB-4A32-877E-1E8EEEE85463}.Release|Any CPU.Build.0 = Release|Any CPU
	EndGlobalSection
	GlobalSection(SolutionProperties) = preSolution
		HideSolutionNode = FALSE
	EndGlobalSection
	GlobalSection(NestedProjects) = preSolution
		{5F85E5AF-F42A-4994-9F83-BA4F2B154727} = {C4674B0E-4862-424C-A0B5-67BB814EC3B6}
		{A386D5DB-59EB-4A32-877E-1E8EEEE85463} = {1634AB2F-8B8B-4C2E-9442-B8C7CB0DD687}
	EndGlobalSection
EndGlobal
